
Microsoft Visual Studio Solution File, Format Version 12.00
# Visual Studio 15
VisualStudioVersion = 15.0.27703.2035
MinimumVisualStudioVersion = 10.0.40219.1
Project("{FAE04EC0-301F-11D3-BF4B-00C04F79EFBC}") = "Bitcoin.Wallet.Api", "Bitcoin.Wallet.Api\Bitcoin.Wallet.Api.csproj", "{EAE19EDC-A233-42DB-87FC-57C018CBA444}"
EndProject
Project("{FAE04EC0-301F-11D3-BF4B-00C04F79EFBC}") = "Bitcoin.Wallet.Api.Client", "Bitcoin.Wallet.Api.Client\Bitcoin.Wallet.Api.Client.csproj", "{7CF107F6-0908-4C22-8FA7-881D7BA15FA6}"
EndProject
Project("{FAE04EC0-301F-11D3-BF4B-00C04F79EFBC}") = "Bitcoin.Wallet.Api.Tests", "Bitcoin.Wallet.Api.Tests\Bitcoin.Wallet.Api.Tests.csproj", "{BBFD7A17-C7D3-47CD-9694-1C44A7B63FFC}"
EndProject
Global
	GlobalSection(SolutionConfigurationPlatforms) = preSolution
		Debug|Any CPU = Debug|Any CPU
		Release|Any CPU = Release|Any CPU
	EndGlobalSection
	GlobalSection(ProjectConfigurationPlatforms) = postSolution
		{EAE19EDC-A233-42DB-87FC-57C018CBA444}.Debug|Any CPU.ActiveCfg = Debug|Any CPU
		{EAE19EDC-A233-42DB-87FC-57C018CBA444}.Debug|Any CPU.Build.0 = Debug|Any CPU
		{EAE19EDC-A233-42DB-87FC-57C018CBA444}.Release|Any CPU.ActiveCfg = Release|Any CPU
		{EAE19EDC-A233-42DB-87FC-57C018CBA444}.Release|Any CPU.Build.0 = Release|Any CPU
		{7CF107F6-0908-4C22-8FA7-881D7BA15FA6}.Debug|Any CPU.ActiveCfg = Debug|Any CPU
		{7CF107F6-0908-4C22-8FA7-881D7BA15FA6}.Debug|Any CPU.Build.0 = Debug|Any CPU
		{7CF107F6-0908-4C22-8FA7-881D7BA15FA6}.Release|Any CPU.ActiveCfg = Release|Any CPU
		{7CF107F6-0908-4C22-8FA7-881D7BA15FA6}.Release|Any CPU.Build.0 = Release|Any CPU
		{BBFD7A17-C7D3-47CD-9694-1C44A7B63FFC}.Debug|Any CPU.ActiveCfg = Debug|Any CPU
		{BBFD7A17-C7D3-47CD-9694-1C44A7B63FFC}.Debug|Any CPU.Build.0 = Debug|Any CPU
		{BBFD7A17-C7D3-47CD-9694-1C44A7B63FFC}.Release|Any CPU.ActiveCfg = Release|Any CPU
		{BBFD7A17-C7D3-47CD-9694-1C44A7B63FFC}.Release|Any CPU.Build.0 = Release|Any CPU
	EndGlobalSection
	GlobalSection(SolutionProperties) = preSolution
		HideSolutionNode = FALSE
	EndGlobalSection
	GlobalSection(ExtensibilityGlobals) = postSolution
		SolutionGuid = {E01FAF14-F59B-42D3-AE29-D6CA2112DBE5}
	EndGlobalSection
EndGlobal
